{
  "name": "GenAI-bot",
  "lockfileVersion": 3,
  "requires": true,
  "packages": {
    "": {
      "dependencies": {
        "eventsource-parser": "^2.0.1"
      }
    },
    "node_modules/eventsource-parser": {
      "version": "2.0.1",
      "resolved": "https://registry.npmjs.org/eventsource-parser/-/eventsource-parser-2.0.1.tgz",
      "integrity": "sha512-gMaRLm5zejEH9mNXC54AnIteFI9YwL/q5JKMdBnoG+lEI1JWVGFVk0Taaj9Xb5SKgzIBDZoQX5IzMe44ILWODg==",
      "license": "MIT",
      "engines": {
        "node": ">=18.0.0"
      }
    }
  }
}
